
Microsoft Visual Studio Solution File, Format Version 11.00
# Visual Studio 2010
Project("{FAE04EC0-301F-11D3-BF4B-00C04F79EFBC}") = "CSF.PrimesAndFractions.NHibernate4", "CSF.PrimesAndFractions.NHibernate4\CSF.PrimesAndFractions.NHibernate4.csproj", "{70F86816-FA63-4840-9B05-F9BC618F2500}"
EndProject
Project("{FAE04EC0-301F-11D3-BF4B-00C04F79EFBC}") = "CSF.PrimesAndFractions.NHibernate5", "CSF.PrimesAndFractions.NHibernate5\CSF.PrimesAndFractions.NHibernate5.csproj", "{C46A20ED-6292-42AC-85A8-31CD499C9F21}"
EndProject
Project("{2150E333-8FDC-42A3-9474-1A3956D46DE8}") = "CommonSrc", "CommonSrc", "{AAE5B2DC-CC64-499E-823C-3BB90D9BD323}"
	ProjectSection(SolutionItems) = preProject
		CommonSrc\README.txt = CommonSrc\README.txt
		CommonSrc\FractionType.cs = CommonSrc\FractionType.cs
		CommonSrc\Rfc4122BinaryGuidType.cs = CommonSrc\Rfc4122BinaryGuidType.cs
	EndProjectSection
EndProject
Project("{FAE04EC0-301F-11D3-BF4B-00C04F79EFBC}") = "CSF.Guids.NHibernate5", "CSF.Guids.NHibernate5\CSF.Guids.NHibernate5.csproj", "{C2290D37-42DD-4C7E-8D9B-7723EBD5ADDA}"
EndProject
Project("{FAE04EC0-301F-11D3-BF4B-00C04F79EFBC}") = "CSF.Guids.NHibernate4", "CSF.Guids.NHibernate4\CSF.Guids.NHibernate4.csproj", "{4A37D674-35A2-464C-A479-319F083BC34D}"
EndProject
Project("{FAE04EC0-301F-11D3-BF4B-00C04F79EFBC}") = "CSF.NHibernate.Unproxy", "CSF.NHibernate.Unproxy\CSF.NHibernate.Unproxy.csproj", "{9E9B6635-5800-43BE-BF31-B2F80A5608D4}"
EndProject
Project("{FAE04EC0-301F-11D3-BF4B-00C04F79EFBC}") = "CSF.NHibernate.MonoSafeSQLite20Driver", "CSF.NHibernate.MonoSafeSQLite20Driver\CSF.NHibernate.MonoSafeSQLite20Driver.csproj", "{C1CEDF6C-5455-493F-9E04-5FDCE0F12EDD}"
EndProject
Global
	GlobalSection(SolutionConfigurationPlatforms) = preSolution
		Debug|Any CPU = Debug|Any CPU
		Release|Any CPU = Release|Any CPU
	EndGlobalSection
	GlobalSection(ProjectConfigurationPlatforms) = postSolution
		{70F86816-FA63-4840-9B05-F9BC618F2500}.Debug|Any CPU.ActiveCfg = Debug|Any CPU
		{70F86816-FA63-4840-9B05-F9BC618F2500}.Debug|Any CPU.Build.0 = Debug|Any CPU
		{70F86816-FA63-4840-9B05-F9BC618F2500}.Release|Any CPU.ActiveCfg = Release|Any CPU
		{70F86816-FA63-4840-9B05-F9BC618F2500}.Release|Any CPU.Build.0 = Release|Any CPU
		{C46A20ED-6292-42AC-85A8-31CD499C9F21}.Debug|Any CPU.ActiveCfg = Debug|Any CPU
		{C46A20ED-6292-42AC-85A8-31CD499C9F21}.Debug|Any CPU.Build.0 = Debug|Any CPU
		{C46A20ED-6292-42AC-85A8-31CD499C9F21}.Release|Any CPU.ActiveCfg = Release|Any CPU
		{C46A20ED-6292-42AC-85A8-31CD499C9F21}.Release|Any CPU.Build.0 = Release|Any CPU
		{C2290D37-42DD-4C7E-8D9B-7723EBD5ADDA}.Debug|Any CPU.ActiveCfg = Debug|Any CPU
		{C2290D37-42DD-4C7E-8D9B-7723EBD5ADDA}.Debug|Any CPU.Build.0 = Debug|Any CPU
		{C2290D37-42DD-4C7E-8D9B-7723EBD5ADDA}.Release|Any CPU.ActiveCfg = Release|Any CPU
		{C2290D37-42DD-4C7E-8D9B-7723EBD5ADDA}.Release|Any CPU.Build.0 = Release|Any CPU
		{4A37D674-35A2-464C-A479-319F083BC34D}.Debug|Any CPU.ActiveCfg = Debug|Any CPU
		{4A37D674-35A2-464C-A479-319F083BC34D}.Debug|Any CPU.Build.0 = Debug|Any CPU
		{4A37D674-35A2-464C-A479-319F083BC34D}.Release|Any CPU.ActiveCfg = Release|Any CPU
		{4A37D674-35A2-464C-A479-319F083BC34D}.Release|Any CPU.Build.0 = Release|Any CPU
		{9E9B6635-5800-43BE-BF31-B2F80A5608D4}.Debug|Any CPU.ActiveCfg = Debug|Any CPU
		{9E9B6635-5800-43BE-BF31-B2F80A5608D4}.Debug|Any CPU.Build.0 = Debug|Any CPU
		{9E9B6635-5800-43BE-BF31-B2F80A5608D4}.Release|Any CPU.ActiveCfg = Release|Any CPU
		{9E9B6635-5800-43BE-BF31-B2F80A5608D4}.Release|Any CPU.Build.0 = Release|Any CPU
		{C1CEDF6C-5455-493F-9E04-5FDCE0F12EDD}.Debug|Any CPU.ActiveCfg = Debug|Any CPU
		{C1CEDF6C-5455-493F-9E04-5FDCE0F12EDD}.Debug|Any CPU.Build.0 = Debug|Any CPU
		{C1CEDF6C-5455-493F-9E04-5FDCE0F12EDD}.Release|Any CPU.ActiveCfg = Release|Any CPU
		{C1CEDF6C-5455-493F-9E04-5FDCE0F12EDD}.Release|Any CPU.Build.0 = Release|Any CPU
	EndGlobalSection
	GlobalSection(MonoDevelopProperties) = preSolution
		Policies = $0
		$0.TextStylePolicy = $1
		$1.NoTabsAfterNonTabs = True
		$1.scope = text/plain
		$1.TabsToSpaces = True
		version = 6.1.3
		StartupItem = Test.CSF.Data.NHibernate\Test.CSF.Data.NHibernate.csproj
	EndGlobalSection
EndGlobal
